// !$*UTF8*$!
{
	archiveVersion = 1;
	classes = {
	};
	objectVersion = 46;
	objects = {

/* Begin PBXBuildFile section */
		E78B9C491BFD78AF0018F686 /* main.m in Sources */ = {isa = PBXBuildFile; fileRef = E78B9C481BFD78AF0018F686 /* main.m */; };
		E78B9C4C1BFD78AF0018F686 /* AppDelegate.m in Sources */ = {isa = PBXBuildFile; fileRef = E78B9C4B1BFD78AF0018F686 /* AppDelegate.m */; };
		E78B9C4F1BFD78AF0018F686 /* ViewController.m in Sources */ = {isa = PBXBuildFile; fileRef = E78B9C4E1BFD78AF0018F686 /* ViewController.m */; };
		E78B9C521BFD78AF0018F686 /* Main.storyboard in Resources */ = {isa = PBXBuildFile; fileRef = E78B9C501BFD78AF0018F686 /* Main.storyboard */; };
		E78B9C541BFD78AF0018F686 /* Assets.xcassets in Resources */ = {isa = PBXBuildFile; fileRef = E78B9C531BFD78AF0018F686 /* Assets.xcassets */; };
		E78B9C571BFD78AF0018F686 /* LaunchScreen.storyboard in Resources */ = {isa = PBXBuildFile; fileRef = E78B9C551BFD78AF0018F686 /* LaunchScreen.storyboard */; };
		E78B9C621BFD78AF0018F686 /* _DTouchTests.m in Sources */ = {isa = PBXBuildFile; fileRef = E78B9C611BFD78AF0018F686 /* _DTouchTests.m */; };
		E78B9C6D1BFD78AF0018F686 /* _DTouchUITests.m in Sources */ = {isa = PBXBuildFile; fileRef = E78B9C6C1BFD78AF0018F686 /* _DTouchUITests.m */; };
		E78B9C7C1BFD80270018F686 /* HaHaViewController.m in Sources */ = {isa = PBXBuildFile; fileRef = E78B9C7B1BFD80270018F686 /* HaHaViewController.m */; };
		E78B9C7F1BFD9A110018F686 /* HeHeViewController.m in Sources */ = {isa = PBXBuildFile; fileRef = E78B9C7E1BFD9A110018F686 /* HeHeViewController.m */; };
/* End PBXBuildFile section */

/* Begin PBXContainerItemProxy section */
		E78B9C5E1BFD78AF0018F686 /* PBXContainerItemProxy */ = {
			isa = PBXContainerItemProxy;
			containerPortal = E78B9C3C1BFD78AF0018F686 /* Project object */;
			proxyType = 1;
			remoteGlobalIDString = E78B9C431BFD78AF0018F686;
			remoteInfo = 3DTouch;
		};
		E78B9C691BFD78AF0018F686 /* PBXContainerItemProxy */ = {
			isa = PBXContainerItemProxy;
			containerPortal = E78B9C3C1BFD78AF0018F686 /* Project object */;
			proxyType = 1;
			remoteGlobalIDString = E78B9C431BFD78AF0018F686;
			remoteInfo = 3DTouch;
		};
/* End PBXContainerItemProxy section */

/* Begin PBXFileReference section */
		E78B9C441BFD78AF0018F686 /* 3DTouch.app */ = {isa = PBXFileReference; explicitFileType = wrapper.application; includeInIndex = 0; path = 3DTouch.app; sourceTree = BUILT_PRODUCTS_DIR; };
		E78B9C481BFD78AF0018F686 /* main.m */ = {isa = PBXFileReference; lastKnownFileType = sourcecode.c.objc; path = main.m; sourceTree = "<group>"; };
		E78B9C4A1BFD78AF0018F686 /* AppDelegate.h */ = {isa = PBXFileReference; lastKnownFileType = sourcecode.c.h; path = AppDelegate.h; sourceTree = "<group>"; };
		E78B9C4B1BFD78AF0018F686 /* AppDelegate.m */ = {isa = PBXFileReference; lastKnownFileType = sourcecode.c.objc; path = AppDelegate.m; sourceTree = "<group>"; };
		E78B9C4D1BFD78AF0018F686 /* ViewController.h */ = {isa = PBXFileReference; lastKnownFileType = sourcecode.c.h; path = ViewController.h; sourceTree = "<group>"; };
		E78B9C4E1BFD78AF0018F686 /* ViewController.m */ = {isa = PBXFileReference; lastKnownFileType = sourcecode.c.objc; path = ViewController.m; sourceTree = "<group>"; };
		E78B9C511BFD78AF0018F686 /* Base */ = {isa = PBXFileReference; lastKnownFileType = file.storyboard; name = Base; path = Base.lproj/Main.storyboard; sourceTree = "<group>"; };
		E78B9C531BFD78AF0018F686 /* Assets.xcassets */ = {isa = PBXFileReference; lastKnownFileType = folder.assetcatalog; path = Assets.xcassets; sourceTree = "<group>"; };
		E78B9C561BFD78AF0018F686 /* Base */ = {isa = PBXFileReference; lastKnownFileType = file.storyboard; name = Base; path = Base.lproj/LaunchScreen.storyboard; sourceTree = "<group>"; };
		E78B9C581BFD78AF0018F686 /* Info.plist */ = {isa = PBXFileReference; lastKnownFileType = text.plist.xml; path = Info.plist; sourceTree = "<group>"; };
		E78B9C5D1BFD78AF0018F686 /* 3DTouchTests.xctest */ = {isa = PBXFileReference; explicitFileType = wrapper.cfbundle; includeInIndex = 0; path = 3DTouchTests.xctest; sourceTree = BUILT_PRODUCTS_DIR; };
		E78B9C611BFD78AF0018F686 /* _DTouchTests.m */ = {isa = PBXFileReference; lastKnownFileType = sourcecode.c.objc; path = _DTouchTests.m; sourceTree = "<group>"; };
		E78B9C631BFD78AF0018F686 /* Info.plist */ = {isa = PBXFileReference; lastKnownFileType = text.plist.xml; path = Info.plist; sourceTree = "<group>"; };
		E78B9C681BFD78AF0018F686 /* 3DTouchUITests.xctest */ = {isa = PBXFileReference; explicitFileType = wrapper.cfbundle; includeInIndex = 0; path = 3DTouchUITests.xctest; sourceTree = BUILT_PRODUCTS_DIR; };
		E78B9C6C1BFD78AF0018F686 /* _DTouchUITests.m */ = {isa = PBXFileReference; lastKnownFileType = sourcecode.c.objc; path = _DTouchUITests.m; sourceTree = "<group>"; };
		E78B9C6E1BFD78AF0018F686 /* Info.plist */ = {isa = PBXFileReference; lastKnownFileType = text.plist.xml; path = Info.plist; sourceTree = "<group>"; };
		E78B9C7A1BFD80270018F686 /* HaHaViewController.h */ = {isa = PBXFileReference; fileEncoding = 4; lastKnownFileType = sourcecode.c.h; path = HaHaViewController.h; sourceTree = "<group>"; };
		E78B9C7B1BFD80270018F686 /* HaHaViewController.m */ = {isa = PBXFileReference; fileEncoding = 4; lastKnownFileType = sourcecode.c.objc; path = HaHaViewController.m; sourceTree = "<group>"; };
		E78B9C7D1BFD9A100018F686 /* HeHeViewController.h */ = {isa = PBXFileReference; fileEncoding = 4; lastKnownFileType = sourcecode.c.h; path = HeHeViewController.h; sourceTree = "<group>"; };
		E78B9C7E1BFD9A110018F686 /* HeHeViewController.m */ = {isa = PBXFileReference; fileEncoding = 4; lastKnownFileType = sourcecode.c.objc; path = HeHeViewController.m; sourceTree = "<group>"; };
/* End PBXFileReference section */

/* Begin PBXFrameworksBuildPhase section */
		E78B9C411BFD78AF0018F686 /* Frameworks */ = {
			isa = PBXFrameworksBuildPhase;
			buildActionMask = 2147483647;
			files = (
			);
			runOnlyForDeploymentPostprocessing = 0;
		};
		E78B9C5A1BFD78AF0018F686 /* Frameworks */ = {
			isa = PBXFrameworksBuildPhase;
			buildActionMask = 2147483647;
			files = (
			);
			runOnlyForDeploymentPostprocessing = 0;
		};
		E78B9C651BFD78AF0018F686 /* Frameworks */ = {
			isa = PBXFrameworksBuildPhase;
			buildActionMask = 2147483647;
			files = (
			);
			runOnlyForDeploymentPostprocessing = 0;
		};
/* End PBXFrameworksBuildPhase section */

/* Begin PBXGroup section */
		E78B9C3B1BFD78AF0018F686 = {
			isa = PBXGroup;
			children = (
				E78B9C461BFD78AF0018F686 /* 3DTouch */,
				E78B9C601BFD78AF0018F686 /* 3DTouchTests */,
				E78B9C6B1BFD78AF0018F686 /* 3DTouchUITests */,
				E78B9C451BFD78AF0018F686 /* Products */,
			);
			sourceTree = "<group>";
		};
		E78B9C451BFD78AF0018F686 /* Products */ = {
			isa = PBXGroup;
			children = (
				E78B9C441BFD78AF0018F686 /* 3DTouch.app */,
				E78B9C5D1BFD78AF0018F686 /* 3DTouchTests.xctest */,
				E78B9C681BFD78AF0018F686 /* 3DTouchUITests.xctest */,
			);
			name = Products;
			sourceTree = "<group>";
		};
		E78B9C461BFD78AF0018F686 /* 3DTouch */ = {
			isa = PBXGroup;
			children = (
				E78B9C4A1BFD78AF0018F686 /* AppDelegate.h */,
				E78B9C4B1BFD78AF0018F686 /* AppDelegate.m */,
				E78B9C4D1BFD78AF0018F686 /* ViewController.h */,
				E78B9C4E1BFD78AF0018F686 /* ViewController.m */,
				E78B9C7A1BFD80270018F686 /* HaHaViewController.h */,
				E78B9C7B1BFD80270018F686 /* HaHaViewController.m */,
				E78B9C7D1BFD9A100018F686 /* HeHeViewController.h */,
				E78B9C7E1BFD9A110018F686 /* HeHeViewController.m */,
				E78B9C501BFD78AF0018F686 /* Main.storyboard */,
				E78B9C531BFD78AF0018F686 /* Assets.xcassets */,
				E78B9C551BFD78AF0018F686 /* LaunchScreen.storyboard */,
				E78B9C581BFD78AF0018F686 /* Info.plist */,
				E78B9C471BFD78AF0018F686 /* Supporting Files */,
			);
			path = 3DTouch;
			sourceTree = "<group>";
		};
		E78B9C471BFD78AF0018F686 /* Supporting Files */ = {
			isa = PBXGroup;
			children = (
				E78B9C481BFD78AF0018F686 /* main.m */,
			);
			name = "Supporting Files";
			sourceTree = "<group>";
		};
		E78B9C601BFD78AF0018F686 /* 3DTouchTests */ = {
			isa = PBXGroup;
			children = (
				E78B9C611BFD78AF0018F686 /* _DTouchTests.m */,
				E78B9C631BFD78AF0018F686 /* Info.plist */,
			);
			path = 3DTouchTests;
			sourceTree = "<group>";
		};
		E78B9C6B1BFD78AF0018F686 /* 3DTouchUITests */ = {
			isa = PBXGroup;
			children = (
				E78B9C6C1BFD78AF0018F686 /* _DTouchUITests.m */,
				E78B9C6E1BFD78AF0018F686 /* Info.plist */,
			);
			path = 3DTouchUITests;
			sourceTree = "<group>";
		};
/* End PBXGroup section */

/* Begin PBXNativeTarget section */
		E78B9C431BFD78AF0018F686 /* 3DTouch */ = {
			isa = PBXNativeTarget;
			buildConfigurationList = E78B9C711BFD78AF0018F686 /* Build configuration list for PBXNativeTarget "3DTouch" */;
			buildPhases = (
				E78B9C401BFD78AF0018F686 /* Sources */,
				E78B9C411BFD78AF0018F686 /* Frameworks */,
				E78B9C421BFD78AF0018F686 /* Resources */,
			);
			buildRules = (
			);
			dependencies = (
			);
			name = 3DTouch;
			productName = 3DTouch;
			productReference = E78B9C441BFD78AF0018F686 /* 3DTouch.app */;
			productType = "com.apple.product-type.application";
		};
		E78B9C5C1BFD78AF0018F686 /* 3DTouchTests */ = {
			isa = PBXNativeTarget;
			buildConfigurationList = E78B9C741BFD78AF0018F686 /* Build configuration list for PBXNativeTarget "3DTouchTests" */;
			buildPhases = (
				E78B9C591BFD78AF0018F686 /* Sources */,
				E78B9C5A1BFD78AF0018F686 /* Frameworks */,
				E78B9C5B1BFD78AF0018F686 /* Resources */,
			);
			buildRules = (
			);
			dependencies = (
				E78B9C5F1BFD78AF0018F686 /* PBXTargetDependency */,
			);
			name = 3DTouchTests;
			productName = 3DTouchTests;
			productReference = E78B9C5D1BFD78AF0018F686 /* 3DTouchTests.xctest */;
			productType = "com.apple.product-type.bundle.unit-test";
		};
		E78B9C671BFD78AF0018F686 /* 3DTouchUITests */ = {
			isa = PBXNativeTarget;
			buildConfigurationList = E78B9C771BFD78AF0018F686 /* Build configuration list for PBXNativeTarget "3DTouchUITests" */;
			buildPhases = (
				E78B9C641BFD78AF0018F686 /* Sources */,
				E78B9C651BFD78AF0018F686 /* Frameworks */,
				E78B9C661BFD78AF0018F686 /* Resources */,
			);
			buildRules = (
			);
			dependencies = (
				E78B9C6A1BFD78AF0018F686 /* PBXTargetDependency */,
			);
			name = 3DTouchUITests;
			productName = 3DTouchUITests;
			productReference = E78B9C681BFD78AF0018F686 /* 3DTouchUITests.xctest */;
			productType = "com.apple.product-type.bundle.ui-testing";
		};
/* End PBXNativeTarget section */

/* Begin PBXProject section */
		E78B9C3C1BFD78AF0018F686 /* Project object */ = {
			isa = PBXProject;
			attributes = {
				LastUpgradeCheck = 0710;
				ORGANIZATIONNAME = "庞龙";
				TargetAttributes = {
					E78B9C431BFD78AF0018F686 = {
						CreatedOnToolsVersion = 7.1.1;
					};
					E78B9C5C1BFD78AF0018F686 = {
						CreatedOnToolsVersion = 7.1.1;
						TestTargetID = E78B9C431BFD78AF0018F686;
					};
					E78B9C671BFD78AF0018F686 = {
						CreatedOnToolsVersion = 7.1.1;
						TestTargetID = E78B9C431BFD78AF0018F686;
					};
				};
			};
			buildConfigurationList = E78B9C3F1BFD78AF0018F686 /* Build configuration list for PBXProject "3DTouch" */;
			compatibilityVersion = "Xcode 3.2";
			developmentRegion = English;
			hasScannedForEncodings = 0;
			knownRegions = (
				en,
				Base,
			);
			mainGroup = E78B9C3B1BFD78AF0018F686;
			productRefGroup = E78B9C451BFD78AF0018F686 /* Products */;
			projectDirPath = "";
			projectRoot = "";
			targets = (
				E78B9C431BFD78AF0018F686 /* 3DTouch */,
				E78B9C5C1BFD78AF0018F686 /* 3DTouchTests */,
				E78B9C671BFD78AF0018F686 /* 3DTouchUITests */,
			);
		};
/* End PBXProject section */

/* Begin PBXResourcesBuildPhase section */
		E78B9C421BFD78AF0018F686 /* Resources */ = {
			isa = PBXResourcesBuildPhase;
			buildActionMask = 2147483647;
			files = (
				E78B9C571BFD78AF0018F686 /* LaunchScreen.storyboard in Resources */,
				E78B9C541BFD78AF0018F686 /* Assets.xcassets in Resources */,
				E78B9C521BFD78AF0018F686 /* Main.storyboard in Resources */,
			);
			runOnlyForDeploymentPostprocessing = 0;
		};
		E78B9C5B1BFD78AF0018F686 /* Resources */ = {
			isa = PBXResourcesBuildPhase;
			buildActionMask = 2147483647;
			files = (
			);
			runOnlyForDeploymentPostprocessing = 0;
		};
		E78B9C661BFD78AF0018F686 /* Resources */ = {
			isa = PBXResourcesBuildPhase;
			buildActionMask = 2147483647;
			files = (
			);
			runOnlyForDeploymentPostprocessing = 0;
		};
/* End PBXResourcesBuildPhase section */

/* Begin PBXSourcesBuildPhase section */
		E78B9C401BFD78AF0018F686 /* Sources */ = {
			isa = PBXSourcesBuildPhase;
			buildActionMask = 2147483647;
			files = (
				E78B9C7C1BFD80270018F686 /* HaHaViewController.m in Sources */,
				E78B9C4F1BFD78AF0018F686 /* ViewController.m in Sources */,
				E78B9C4C1BFD78AF0018F686 /* AppDelegate.m in Sources */,
				E78B9C7F1BFD9A110018F686 /* HeHeViewController.m in Sources */,
				E78B9C491BFD78AF0018F686 /* main.m in Sources */,
			);
			runOnlyForDeploymentPostprocessing = 0;
		};
		E78B9C591BFD78AF0018F686 /* Sources */ = {
			isa = PBXSourcesBuildPhase;
			buildActionMask = 2147483647;
			files = (
				E78B9C621BFD78AF0018F686 /* _DTouchTests.m in Sources */,
			);
			runOnlyForDeploymentPostprocessing = 0;
		};
		E78B9C641BFD78AF0018F686 /* Sources */ = {
			isa = PBXSourcesBuildPhase;
			buildActionMask = 2147483647;
			files = (
				E78B9C6D1BFD78AF0018F686 /* _DTouchUITests.m in Sources */,
			);
			runOnlyForDeploymentPostprocessing = 0;
		};
/* End PBXSourcesBuildPhase section */

/* Begin PBXTargetDependency section */
		E78B9C5F1BFD78AF0018F686 /* PBXTargetDependency */ = {
			isa = PBXTargetDependency;
			target = E78B9C431BFD78AF0018F686 /* 3DTouch */;
			targetProxy = E78B9C5E1BFD78AF0018F686 /* PBXContainerItemProxy */;
		};
		E78B9C6A1BFD78AF0018F686 /* PBXTargetDependency */ = {
			isa = PBXTargetDependency;
			target = E78B9C431BFD78AF0018F686 /* 3DTouch */;
			targetProxy = E78B9C691BFD78AF0018F686 /* PBXContainerItemProxy */;
		};
/* End PBXTargetDependency section */

/* Begin PBXVariantGroup section */
		E78B9C501BFD78AF0018F686 /* Main.storyboard */ = {
			isa = PBXVariantGroup;
			children = (
				E78B9C511BFD78AF0018F686 /* Base */,
			);
			name = Main.storyboard;
			sourceTree = "<group>";
		};
		E78B9C551BFD78AF0018F686 /* LaunchScreen.storyboard */ = {
			isa = PBXVariantGroup;
			children = (
				E78B9C561BFD78AF0018F686 /* Base */,
			);
			name = LaunchScreen.storyboard;
			sourceTree = "<group>";
		};
/* End PBXVariantGroup section */

/* Begin XCBuildConfiguration section */
		E78B9C6F1BFD78AF0018F686 /* Debug */ = {
			isa = XCBuildConfiguration;
			buildSettings = {
				ALWAYS_SEARCH_USER_PATHS = NO;
				CLANG_CXX_LANGUAGE_STANDARD = "gnu++0x";
				CLANG_CXX_LIBRARY = "libc++";
				CLANG_ENABLE_MODULES = YES;
				CLANG_ENABLE_OBJC_ARC = YES;
				CLANG_WARN_BOOL_CONVERSION = YES;
				CLANG_WARN_CONSTANT_CONVERSION = YES;
				CLANG_WARN_DIRECT_OBJC_ISA_USAGE = YES_ERROR;
				CLANG_WARN_EMPTY_BODY = YES;
				CLANG_WARN_ENUM_CONVERSION = YES;
				CLANG_WARN_INT_CONVERSION = YES;
				CLANG_WARN_OBJC_ROOT_CLASS = YES_ERROR;
				CLANG_WARN_UNREACHABLE_CODE = YES;
				CLANG_WARN__DUPLICATE_METHOD_MATCH = YES;
				"CODE_SIGN_IDENTITY[sdk=iphoneos*]" = "iPhone Developer";
				COPY_PHASE_STRIP = NO;
				DEBUG_INFORMATION_FORMAT = dwarf;
				ENABLE_STRICT_OBJC_MSGSEND = YES;
				ENABLE_TESTABILITY = YES;
				GCC_C_LANGUAGE_STANDARD = gnu99;
				GCC_DYNAMIC_NO_PIC = NO;
				GCC_NO_COMMON_BLOCKS = YES;
				GCC_OPTIMIZATION_LEVEL = 0;
				GCC_PREPROCESSOR_DEFINITIONS = (
					"DEBUG=1",
					"$(inherited)",
				);
				GCC_WARN_64_TO_32_BIT_CONVERSION = YES;
				GCC_WARN_ABOUT_RETURN_TYPE = YES_ERROR;
				GCC_WARN_UNDECLARED_SELECTOR = YES;
				GCC_WARN_UNINITIALIZED_AUTOS = YES_AGGRESSIVE;
				GCC_WARN_UNUSED_FUNCTION = YES;
				GCC_WARN_UNUSED_VARIABLE = YES;
				IPHONEOS_DEPLOYMENT_TARGET = 9.1;
				MTL_ENABLE_DEBUG_INFO = YES;
				ONLY_ACTIVE_ARCH = YES;
				SDKROOT = iphoneos;
			};
			name = Debug;
		};
		E78B9C701BFD78AF0018F686 /* Release */ = {
			isa = XCBuildConfiguration;
			buildSettings = {
				ALWAYS_SEARCH_USER_PATHS = NO;
				CLANG_CXX_LANGUAGE_STANDARD = "gnu++0x";
				CLANG_CXX_LIBRARY = "libc++";
				CLANG_ENABLE_MODULES = YES;
				CLANG_ENABLE_OBJC_ARC = YES;
				CLANG_WARN_BOOL_CONVERSION = YES;
				CLANG_WARN_CONSTANT_CONVERSION = YES;
				CLANG_WARN_DIRECT_OBJC_ISA_USAGE = YES_ERROR;
				CLANG_WARN_EMPTY_BODY = YES;
				CLANG_WARN_ENUM_CONVERSION = YES;
				CLANG_WARN_INT_CONVERSION = YES;
				CLANG_WARN_OBJC_ROOT_CLASS = YES_ERROR;
				CLANG_WARN_UNREACHABLE_CODE = YES;
				CLANG_WARN__DUPLICATE_METHOD_MATCH = YES;
				"CODE_SIGN_IDENTITY[sdk=iphoneos*]" = "iPhone Developer";
				COPY_PHASE_STRIP = NO;
				DEBUG_INFORMATION_FORMAT = "dwarf-with-dsym";
				ENABLE_NS_ASSERTIONS = NO;
				ENABLE_STRICT_OBJC_MSGSEND = YES;
				GCC_C_LANGUAGE_STANDARD = gnu99;
				GCC_NO_COMMON_BLOCKS = YES;
				GCC_WARN_64_TO_32_BIT_CONVERSION = YES;
				GCC_WARN_ABOUT_RETURN_TYPE = YES_ERROR;
				GCC_WARN_UNDECLARED_SELECTOR = YES;
				GCC_WARN_UNINITIALIZED_AUTOS = YES_AGGRESSIVE;
				GCC_WARN_UNUSED_FUNCTION = YES;
				GCC_WARN_UNUSED_VARIABLE = YES;
				IPHONEOS_DEPLOYMENT_TARGET = 9.1;
				MTL_ENABLE_DEBUG_INFO = NO;
				SDKROOT = iphoneos;
				VALIDATE_PRODUCT = YES;
			};
			name = Release;
		};
		E78B9C721BFD78AF0018F686 /* Debug */ = {
			isa = XCBuildConfiguration;
			buildSettings = {
				ASSETCATALOG_COMPILER_APPICON_NAME = AppIcon;
				INFOPLIST_FILE = 3DTouch/Info.plist;
				LD_RUNPATH_SEARCH_PATHS = "$(inherited) @executable_path/Frameworks";
				PRODUCT_BUNDLE_IDENTIFIER = "PangLong.-DTouch";
				PRODUCT_NAME = "$(TARGET_NAME)";
			};
			name = Debug;
		};
		E78B9C731BFD78AF0018F686 /* Release */ = {
			isa = XCBuildConfiguration;
			buildSettings = {
				ASSETCATALOG_COMPILER_APPICON_NAME = AppIcon;
				INFOPLIST_FILE = 3DTouch/Info.plist;
				LD_RUNPATH_SEARCH_PATHS = "$(inherited) @executable_path/Frameworks";
				PRODUCT_BUNDLE_IDENTIFIER = "PangLong.-DTouch";
				PRODUCT_NAME = "$(TARGET_NAME)";
			};
			name = Release;
		};
		E78B9C751BFD78AF0018F686 /* Debug */ = {
			isa = XCBuildConfiguration;
			buildSettings = {
				BUNDLE_LOADER = "$(TEST_HOST)";
				INFOPLIST_FILE = 3DTouchTests/Info.plist;
				LD_RUNPATH_SEARCH_PATHS = "$(inherited) @executable_path/Frameworks @loader_path/Frameworks";
				PRODUCT_BUNDLE_IDENTIFIER = "PangLong.-DTouchTests";
				PRODUCT_NAME = "$(TARGET_NAME)";
				TEST_HOST = "$(BUILT_PRODUCTS_DIR)/3DTouch.app/3DTouch";
			};
			name = Debug;
		};
		E78B9C761BFD78AF0018F686 /* Release */ = {
			isa = XCBuildConfiguration;
			buildSettings = {
				BUNDLE_LOADER = "$(TEST_HOST)";
				INFOPLIST_FILE = 3DTouchTests/Info.plist;
				LD_RUNPATH_SEARCH_PATHS = "$(inherited) @executable_path/Frameworks @loader_path/Frameworks";
				PRODUCT_BUNDLE_IDENTIFIER = "PangLong.-DTouchTests";
				PRODUCT_NAME = "$(TARGET_NAME)";
				TEST_HOST = "$(BUILT_PRODUCTS_DIR)/3DTouch.app/3DTouch";
			};
			name = Release;
		};
		E78B9C781BFD78AF0018F686 /* Debug */ = {
			isa = XCBuildConfiguration;
			buildSettings = {
				INFOPLIST_FILE = 3DTouchUITests/Info.plist;
				LD_RUNPATH_SEARCH_PATHS = "$(inherited) @executable_path/Frameworks @loader_path/Frameworks";
				PRODUCT_BUNDLE_IDENTIFIER = "PangLong.-DTouchUITests";
				PRODUCT_NAME = "$(TARGET_NAME)";
				TEST_TARGET_NAME = 3DTouch;
				USES_XCTRUNNER = YES;
			};
			name = Debug;
		};
		E78B9C791BFD78AF0018F686 /* Release */ = {
			isa = XCBuildConfiguration;
			buildSettings = {
				INFOPLIST_FILE = 3DTouchUITests/Info.plist;
				LD_RUNPATH_SEARCH_PATHS = "$(inherited) @executable_path/Frameworks @loader_path/Frameworks";
				PRODUCT_BUNDLE_IDENTIFIER = "PangLong.-DTouchUITests";
				PRODUCT_NAME = "$(TARGET_NAME)";
				TEST_TARGET_NAME = 3DTouch;
				USES_XCTRUNNER = YES;
			};
			name = Release;
		};
/* End XCBuildConfiguration section */

/* Begin XCConfigurationList section */
		E78B9C3F1BFD78AF0018F686 /* Build configuration list for PBXProject "3DTouch" */ = {
			isa = XCConfigurationList;
			buildConfigurations = (
				E78B9C6F1BFD78AF0018F686 /* Debug */,
				E78B9C701BFD78AF0018F686 /* Release */,
			);
			defaultConfigurationIsVisible = 0;
			defaultConfigurationName = Release;
		};
		E78B9C711BFD78AF0018F686 /* Build configuration list for PBXNativeTarget "3DTouch" */ = {
			isa = XCConfigurationList;
			buildConfigurations = (
				E78B9C721BFD78AF0018F686 /* Debug */,
				E78B9C731BFD78AF0018F686 /* Release */,
			);
			defaultConfigurationIsVisible = 0;
			defaultConfigurationName = Release;
		};
		E78B9C741BFD78AF0018F686 /* Build configuration list for PBXNativeTarget "3DTouchTests" */ = {
			isa = XCConfigurationList;
			buildConfigurations = (
				E78B9C751BFD78AF0018F686 /* Debug */,
				E78B9C761BFD78AF0018F686 /* Release */,
			);
			defaultConfigurationIsVisible = 0;
			defaultConfigurationName = Release;
		};
		E78B9C771BFD78AF0018F686 /* Build configuration list for PBXNativeTarget "3DTouchUITests" */ = {
			isa = XCConfigurationList;
			buildConfigurations = (
				E78B9C781BFD78AF0018F686 /* Debug */,
				E78B9C791BFD78AF0018F686 /* Release */,
			);
			defaultConfigurationIsVisible = 0;
			defaultConfigurationName = Release;
		};
/* End XCConfigurationList section */
	};
	rootObject = E78B9C3C1BFD78AF0018F686 /* Project object */;
}
